
Microsoft Visual Studio Solution File, Format Version 12.00
Project("{FAE04EC0-301F-11D3-BF4B-00C04F79EFBC}") = "WarehouseWebService", "Services\WarehouseWebService\WarehouseWebService.csproj", "{82725E4B-8535-4B3D-B5DB-C1A2235020E8}"
EndProject
Project("{2150E333-8FDC-42A3-9474-1A3956D46DE8}") = "WebServices", "WebServices", "{251CC875-0AC9-4C01-BFA6-33D7622EFF58}"
EndProject
Project("{2150E333-8FDC-42A3-9474-1A3956D46DE8}") = "Clients", "Clients", "{2E288651-E85F-4CCD-B946-6902B519FC9F}"
EndProject
Project("{FAE04EC0-301F-11D3-BF4B-00C04F79EFBC}") = "WarehouseWebClient", "WarehouseWebClient\WarehouseWebClient.csproj", "{0AAA2EA4-CAF8-467E-B484-F607C645CE98}"
EndProject
Global
	GlobalSection(SolutionConfigurationPlatforms) = preSolution
		Debug|Any CPU = Debug|Any CPU
		Release|Any CPU = Release|Any CPU
	EndGlobalSection
	GlobalSection(ProjectConfigurationPlatforms) = postSolution
		{82725E4B-8535-4B3D-B5DB-C1A2235020E8}.Debug|Any CPU.ActiveCfg = Debug|Any CPU
		{82725E4B-8535-4B3D-B5DB-C1A2235020E8}.Debug|Any CPU.Build.0 = Debug|Any CPU
		{82725E4B-8535-4B3D-B5DB-C1A2235020E8}.Release|Any CPU.ActiveCfg = Release|Any CPU
		{82725E4B-8535-4B3D-B5DB-C1A2235020E8}.Release|Any CPU.Build.0 = Release|Any CPU
		{0AAA2EA4-CAF8-467E-B484-F607C645CE98}.Debug|Any CPU.ActiveCfg = Debug|Any CPU
		{0AAA2EA4-CAF8-467E-B484-F607C645CE98}.Debug|Any CPU.Build.0 = Debug|Any CPU
		{0AAA2EA4-CAF8-467E-B484-F607C645CE98}.Release|Any CPU.ActiveCfg = Release|Any CPU
		{0AAA2EA4-CAF8-467E-B484-F607C645CE98}.Release|Any CPU.Build.0 = Release|Any CPU
	EndGlobalSection
	GlobalSection(NestedProjects) = preSolution
		{82725E4B-8535-4B3D-B5DB-C1A2235020E8} = {251CC875-0AC9-4C01-BFA6-33D7622EFF58}
		{0AAA2EA4-CAF8-467E-B484-F607C645CE98} = {2E288651-E85F-4CCD-B946-6902B519FC9F}
	EndGlobalSection
EndGlobal
